{
  "version": "4",
  "specifiers": {
    "jsr:@oak/commons@1": "1.0.0",
    "jsr:@oak/oak@^17.1.4": "17.1.4",
    "jsr:@std/assert@1": "1.0.11",
    "jsr:@std/bytes@1": "1.0.5",
    "jsr:@std/crypto@1": "1.0.4",
    "jsr:@std/encoding@1": "1.0.7",
    "jsr:@std/encoding@^1.0.7": "1.0.7",
    "jsr:@std/http@1": "1.0.13",
    "jsr:@std/internal@^1.0.5": "1.0.6",
    "jsr:@std/media-types@1": "1.1.0",
    "jsr:@std/path@1": "1.0.8",
    "npm:@types/node@^22.13.14": "22.13.14",
    "npm:better-sqlite3@^11.9.1": "11.9.1",
    "npm:path-to-regexp@^6.3.0": "6.3.0"
  },
  "jsr": {
    "@oak/commons@1.0.0": {
      "integrity": "49805b55603c3627a9d6235c0655aa2b6222d3036b3a13ff0380c16368f607ac",
      "dependencies": [
        "jsr:@std/assert",
        "jsr:@std/bytes",
        "jsr:@std/crypto",
        "jsr:@std/encoding@1",
        "jsr:@std/http",
        "jsr:@std/media-types"
      ]
    },
    "@oak/oak@17.1.4": {
      "integrity": "60530b582bf276ff741e39cc664026781aa08dd5f2bc5134d756cc427bf2c13e",
      "dependencies": [
        "jsr:@oak/commons",
        "jsr:@std/assert",
        "jsr:@std/bytes",
        "jsr:@std/http",
        "jsr:@std/media-types",
        "jsr:@std/path",
        "npm:path-to-regexp"
      ]
    },
    "@std/assert@1.0.11": {
      "integrity": "2461ef3c368fe88bc60e186e7744a93112f16fd110022e113a0849e94d1c83c1",
      "dependencies": [
        "jsr:@std/internal"
      ]
    },
    "@std/bytes@1.0.5": {
      "integrity": "4465dd739d7963d964c809202ebea6d5c6b8e3829ef25c6a224290fbb8a1021e"
    },
    "@std/crypto@1.0.4": {
      "integrity": "cee245c453bd5366207f4d8aa25ea3e9c86cecad2be3fefcaa6cb17203d79340"
    },
    "@std/encoding@1.0.7": {
      "integrity": "f631247c1698fef289f2de9e2a33d571e46133b38d042905e3eac3715030a82d"
    },
    "@std/http@1.0.13": {
      "integrity": "d29618b982f7ae44380111f7e5b43da59b15db64101198bb5f77100d44eb1e1e",
      "dependencies": [
        "jsr:@std/encoding@^1.0.7"
      ]
    },
    "@std/internal@1.0.6": {
      "integrity": "9533b128f230f73bd209408bb07a4b12f8d4255ab2a4d22a1fd6d87304aca9a4"
    },
    "@std/media-types@1.1.0": {
      "integrity": "c9d093f0c05c3512932b330e3cc1fe1d627b301db33a4c2c2185c02471d6eaa4"
    },
    "@std/path@1.0.8": {
      "integrity": "548fa456bb6a04d3c1a1e7477986b6cffbce95102d0bb447c67c4ee70e0364be"
    }
  },
  "npm": {
    "@types/node@22.13.14": {
      "integrity": "sha512-Zs/Ollc1SJ8nKUAgc7ivOEdIBM8JAKgrqqUYi2J997JuKO7/tpQC+WCetQ1sypiKCQWHdvdg9wBNpUPEWZae7w==",
      "dependencies": [
        "undici-types"
      ]
    },
    "base64-js@1.5.1": {
      "integrity": "sha512-AKpaYlHn8t4SVbOHCy+b5+KKgvR4vrsD8vbvrbiQJps7fKDTkjkDry6ji0rUJjC0kzbNePLwzxq8iypo41qeWA=="
    },
    "better-sqlite3@11.9.1": {
      "integrity": "sha512-Ba0KR+Fzxh2jDRhdg6TSH0SJGzb8C0aBY4hR8w8madIdIzzC6Y1+kx5qR6eS1Z+Gy20h6ZU28aeyg0z1VIrShQ==",
      "dependencies": [
        "bindings",
        "prebuild-install"
      ]
    },
    "bindings@1.5.0": {
      "integrity": "sha512-p2q/t/mhvuOj/UeLlV6566GD/guowlr0hHxClI0W9m7MWYkL1F0hLo+0Aexs9HSPCtR1SXQ0TD3MMKrXZajbiQ==",
      "dependencies": [
        "file-uri-to-path"
      ]
    },
    "bl@4.1.0": {
      "integrity": "sha512-1W07cM9gS6DcLperZfFSj+bWLtaPGSOHWhPiGzXmvVJbRLdG82sH/Kn8EtW1VqWVA54AKf2h5k5BbnIbwF3h6w==",
      "dependencies": [
        "buffer",
        "inherits",
        "readable-stream"
      ]
    },
    "buffer@5.7.1": {
      "integrity": "sha512-EHcyIPBQ4BSGlvjB16k5KgAJ27CIsHY/2JBmCRReo48y9rQ3MaUzWX3KVlBa4U7MyX02HdVj0K7C3WaB3ju7FQ==",
      "dependencies": [
        "base64-js",
        "ieee754"
      ]
    },
    "chownr@1.1.4": {
      "integrity": "sha512-jJ0bqzaylmJtVnNgzTeSOs8DPavpbYgEr/b0YL8/2GO3xJEhInFmhKMUnEJQjZumK7KXGFhUy89PrsJWlakBVg=="
    },
    "decompress-response@6.0.0": {
      "integrity": "sha512-aW35yZM6Bb/4oJlZncMH2LCoZtJXTRxES17vE3hoRiowU2kWHaJKFkSBDnDR+cm9J+9QhXmREyIfv0pji9ejCQ==",
      "dependencies": [
        "mimic-response"
      ]
    },
    "deep-extend@0.6.0": {
      "integrity": "sha512-LOHxIOaPYdHlJRtCQfDIVZtfw/ufM8+rVj649RIHzcm/vGwQRXFt6OPqIFWsm2XEMrNIEtWR64sY1LEKD2vAOA=="
    },
    "detect-libc@2.0.3": {
      "integrity": "sha512-bwy0MGW55bG41VqxxypOsdSdGqLwXPI/focwgTYCFMbdUiBAxLg9CFzG08sz2aqzknwiX7Hkl0bQENjg8iLByw=="
    },
    "end-of-stream@1.4.4": {
      "integrity": "sha512-+uw1inIHVPQoaVuHzRyXd21icM+cnt4CzD5rW+NC1wjOUSTOs+Te7FOv7AhN7vS9x/oIyhLP5PR1H+phQAHu5Q==",
      "dependencies": [
        "once"
      ]
    },
    "expand-template@2.0.3": {
      "integrity": "sha512-XYfuKMvj4O35f/pOXLObndIRvyQ+/+6AhODh+OKWj9S9498pHHn/IMszH+gt0fBCRWMNfk1ZSp5x3AifmnI2vg=="
    },
    "file-uri-to-path@1.0.0": {
      "integrity": "sha512-0Zt+s3L7Vf1biwWZ29aARiVYLx7iMGnEUl9x33fbB/j3jR81u/O2LbqK+Bm1CDSNDKVtJ/YjwY7TUd5SkeLQLw=="
    },
    "fs-constants@1.0.0": {
      "integrity": "sha512-y6OAwoSIf7FyjMIv94u+b5rdheZEjzR63GTyZJm5qh4Bi+2YgwLCcI/fPFZkL5PSixOt6ZNKm+w+Hfp/Bciwow=="
    },
    "github-from-package@0.0.0": {
      "integrity": "sha512-SyHy3T1v2NUXn29OsWdxmK6RwHD+vkj3v8en8AOBZ1wBQ/hCAQ5bAQTD02kW4W9tUp/3Qh6J8r9EvntiyCmOOw=="
    },
    "ieee754@1.2.1": {
      "integrity": "sha512-dcyqhDvX1C46lXZcVqCpK+FtMRQVdIMN6/Df5js2zouUsqG7I6sFxitIC+7KYK29KdXOLHdu9zL4sFnoVQnqaA=="
    },
    "inherits@2.0.4": {
      "integrity": "sha512-k/vGaX4/Yla3WzyMCvTQOXYeIHvqOKtnqBduzTHpzpQZzAskKMhZ2K+EnBiSM9zGSoIFeMpXKxa4dYeZIQqewQ=="
    },
    "ini@1.3.8": {
      "integrity": "sha512-JV/yugV2uzW5iMRSiZAyDtQd+nxtUnjeLt0acNdw98kKLrvuRVyB80tsREOE7yvGVgalhZ6RNXCmEHkUKBKxew=="
    },
    "mimic-response@3.1.0": {
      "integrity": "sha512-z0yWI+4FDrrweS8Zmt4Ej5HdJmky15+L2e6Wgn3+iK5fWzb6T3fhNFq2+MeTRb064c6Wr4N/wv0DzQTjNzHNGQ=="
    },
    "minimist@1.2.8": {
      "integrity": "sha512-2yyAR8qBkN3YuheJanUpWC5U3bb5osDywNB8RzDVlDwDHbocAJveqqj1u8+SVD7jkWT4yvsHCpWqqWqAxb0zCA=="
    },
    "mkdirp-classic@0.5.3": {
      "integrity": "sha512-gKLcREMhtuZRwRAfqP3RFW+TK4JqApVBtOIftVgjuABpAtpxhPGaDcfvbhNvD0B8iD1oUr/txX35NjcaY6Ns/A=="
    },
    "napi-build-utils@2.0.0": {
      "integrity": "sha512-GEbrYkbfF7MoNaoh2iGG84Mnf/WZfB0GdGEsM8wz7Expx/LlWf5U8t9nvJKXSp3qr5IsEbK04cBGhol/KwOsWA=="
    },
    "node-abi@3.74.0": {
      "integrity": "sha512-c5XK0MjkGBrQPGYG24GBADZud0NCbznxNx0ZkS+ebUTrmV1qTDxPxSL8zEAPURXSbLRWVexxmP4986BziahL5w==",
      "dependencies": [
        "semver"
      ]
    },
    "once@1.4.0": {
      "integrity": "sha512-lNaJgI+2Q5URQBkccEKHTQOPaXdUxnZZElQTZY0MFUAuaEqe1E+Nyvgdz/aIyNi6Z9MzO5dv1H8n58/GELp3+w==",
      "dependencies": [
        "wrappy"
      ]
    },
    "path-to-regexp@6.3.0": {
      "integrity": "sha512-Yhpw4T9C6hPpgPeA28us07OJeqZ5EzQTkbfwuhsUg0c237RomFoETJgmp2sa3F/41gfLE6G5cqcYwznmeEeOlQ=="
    },
    "prebuild-install@7.1.3": {
      "integrity": "sha512-8Mf2cbV7x1cXPUILADGI3wuhfqWvtiLA1iclTDbFRZkgRQS0NqsPZphna9V+HyTEadheuPmjaJMsbzKQFOzLug==",
      "dependencies": [
        "detect-libc",
        "expand-template",
        "github-from-package",
        "minimist",
        "mkdirp-classic",
        "napi-build-utils",
        "node-abi",
        "pump",
        "rc",
        "simple-get",
        "tar-fs",
        "tunnel-agent"
      ]
    },
    "pump@3.0.2": {
      "integrity": "sha512-tUPXtzlGM8FE3P0ZL6DVs/3P58k9nk8/jZeQCurTJylQA8qFYzHFfhBJkuqyE0FifOsQ0uKWekiZ5g8wtr28cw==",
      "dependencies": [
        "end-of-stream",
        "once"
      ]
    },
    "rc@1.2.8": {
      "integrity": "sha512-y3bGgqKj3QBdxLbLkomlohkvsA8gdAiUQlSBJnBhfn+BPxg4bc62d8TcBW15wavDfgexCgccckhcZvywyQYPOw==",
      "dependencies": [
        "deep-extend",
        "ini",
        "minimist",
        "strip-json-comments"
      ]
    },
    "readable-stream@3.6.2": {
      "integrity": "sha512-9u/sniCrY3D5WdsERHzHE4G2YCXqoG5FTHUiCC4SIbr6XcLZBY05ya9EKjYek9O5xOAwjGq+1JdGBAS7Q9ScoA==",
      "dependencies": [
        "inherits",
        "string_decoder",
        "util-deprecate"
      ]
    },
    "safe-buffer@5.2.1": {
      "integrity": "sha512-rp3So07KcdmmKbGvgaNxQSJr7bGVSVk5S9Eq1F+ppbRo70+YeaDxkw5Dd8NPN+GD6bjnYm2VuPuCXmpuYvmCXQ=="
    },
    "semver@7.7.1": {
      "integrity": "sha512-hlq8tAfn0m/61p4BVRcPzIGr6LKiMwo4VM6dGi6pt4qcRkmNzTcWq6eCEjEh+qXjkMDvPlOFFSGwQjoEa6gyMA=="
    },
    "simple-concat@1.0.1": {
      "integrity": "sha512-cSFtAPtRhljv69IK0hTVZQ+OfE9nePi/rtJmw5UjHeVyVroEqJXP1sFztKUy1qU+xvz3u/sfYJLa947b7nAN2Q=="
    },
    "simple-get@4.0.1": {
      "integrity": "sha512-brv7p5WgH0jmQJr1ZDDfKDOSeWWg+OVypG99A/5vYGPqJ6pxiaHLy8nxtFjBA7oMa01ebA9gfh1uMCFqOuXxvA==",
      "dependencies": [
        "decompress-response",
        "once",
        "simple-concat"
      ]
    },
    "string_decoder@1.3.0": {
      "integrity": "sha512-hkRX8U1WjJFd8LsDJ2yQ/wWWxaopEsABU1XfkM8A+j0+85JAGppt16cr1Whg6KIbb4okU6Mql6BOj+uup/wKeA==",
      "dependencies": [
        "safe-buffer"
      ]
    },
    "strip-json-comments@2.0.1": {
      "integrity": "sha512-4gB8na07fecVVkOI6Rs4e7T6NOTki5EmL7TUduTs6bu3EdnSycntVJ4re8kgZA+wx9IueI2Y11bfbgwtzuE0KQ=="
    },
    "tar-fs@2.1.2": {
      "integrity": "sha512-EsaAXwxmx8UB7FRKqeozqEPop69DXcmYwTQwXvyAPF352HJsPdkVhvTaDPYqfNgruveJIJy3TA2l+2zj8LJIJA==",
      "dependencies": [
        "chownr",
        "mkdirp-classic",
        "pump",
        "tar-stream"
      ]
    },
    "tar-stream@2.2.0": {
      "integrity": "sha512-ujeqbceABgwMZxEJnk2HDY2DlnUZ+9oEcb1KzTVfYHio0UE6dG71n60d8D2I4qNvleWrrXpmjpt7vZeF1LnMZQ==",
      "dependencies": [
        "bl",
        "end-of-stream",
        "fs-constants",
        "inherits",
        "readable-stream"
      ]
    },
    "tunnel-agent@0.6.0": {
      "integrity": "sha512-McnNiV1l8RYeY8tBgEpuodCC1mLUdbSN+CYBL7kJsJNInOP8UjDDEwdk6Mw60vdLLrr5NHKZhMAOSrR2NZuQ+w==",
      "dependencies": [
        "safe-buffer"
      ]
    },
    "undici-types@6.20.0": {
      "integrity": "sha512-Ny6QZ2Nju20vw1SRHe3d9jVu6gJ+4e3+MMpqu7pqE5HT6WsTSlce++GQmK5UXS8mzV8DSYHrQH+Xrf2jVcuKNg=="
    },
    "util-deprecate@1.0.2": {
      "integrity": "sha512-EPD5q1uXyFxJpCrLnCc1nHnq3gOa6DZBocAIiI2TaSCA7VCJ1UJDMagCzIkXNsUYfD1daK//LTEQ8xiIbrHtcw=="
    },
    "wrappy@1.0.2": {
      "integrity": "sha512-l4Sp/DRseor9wL6EvV2+TuQn63dMkPjZ/sp9XkghTEbV9KlPS1xUsZ3u7/IQO4wxtcFB4bgpQPRcR3QCvezPcQ=="
    }
  },
  "redirects": {
    "https://deno.land/x/bcrypt/mod.ts": "https://deno.land/x/bcrypt@v0.4.1/mod.ts",
    "https://deno.land/x/djwt/mod.ts": "https://deno.land/x/djwt@v3.0.2/mod.ts"
  },
  "remote": {
    "https://deno.land/std@0.221.0/encoding/_util.ts": "beacef316c1255da9bc8e95afb1fa56ed69baef919c88dc06ae6cb7a6103d376",
    "https://deno.land/std@0.221.0/encoding/base64.ts": "8ccae67a1227b875340a8582ff707f37b131df435b07080d3bb58e07f5f97807",
    "https://deno.land/std@0.221.0/encoding/base64url.ts": "9cc46cf510436be63ac00ebf97a7de1993e603ca58e1853b344bf90d80ea9945",
    "https://deno.land/x/bcrypt@v0.4.1/mod.ts": "ff09bdae282583cf5f7d87efe37ddcecef7f14f6d12e8b8066a3058db8c6c2f7",
    "https://deno.land/x/bcrypt@v0.4.1/src/bcrypt/base64.ts": "b8266450a4f1eb6960f60f2f7986afc4dde6b45bd2d7ee7ba10789e67e17b9f7",
    "https://deno.land/x/bcrypt@v0.4.1/src/bcrypt/bcrypt.ts": "ec221648cc6453ea5e3803bc817c01157dada06aa6f7a0ba6b9f87aae32b21e2",
    "https://deno.land/x/bcrypt@v0.4.1/src/main.ts": "08d201b289c8d9c46f8839c69cd6625b213863db29775c7a200afc3b540e64f8",
    "https://deno.land/x/bcrypt@v0.4.1/src/worker.ts": "5a73bdfee9c9e622f47c9733d374b627dce52fb3ec1e74c8226698b3fc57ffac",
    "https://deno.land/x/djwt@v3.0.2/algorithm.ts": "b1c6645f9dbd6e6c47c123a3b18c28b956f91c65ed17f5b6d5d968fc3750542b",
    "https://deno.land/x/djwt@v3.0.2/deps.ts": "a7954fe567f2097b4f6aca11d091b6df658e485a817ac4dee47257ed5c28fd6e",
    "https://deno.land/x/djwt@v3.0.2/mod.ts": "962d8f2c4d6a4db111f45d777b152356aec31ba7db0ca664601175a422629857",
    "https://deno.land/x/djwt@v3.0.2/signature.ts": "16238fbf558267c85dd6c0178045f006c8b914a7301db87149f3318326569272",
    "https://deno.land/x/djwt@v3.0.2/util.ts": "5cb264d2125c553678e11446bcfa0494025d120e3f59d0a3ab38f6800def697d",
    "https://deno.land/x/oak@v17.1.4/application.ts": "69fb6462eed013562ee61239e60ea77e5df3abb2b0df34568593b9774d72e98f",
    "https://deno.land/x/oak@v17.1.4/body.ts": "f91d8e0298abbabe6acb543d1090e2a41aa665375918a575d72bd6b98b538e40",
    "https://deno.land/x/oak@v17.1.4/context.ts": "e04c3d67d68ee01a279aeded457b0d66255450593dacab22251e7eb0cf6a92e5",
    "https://deno.land/x/oak@v17.1.4/deps.ts": "c71a9421d2ead7803468cd40559cf122ee91d4e81e8a3a98706956f6654e2550",
    "https://deno.land/x/oak@v17.1.4/http_server_bun.ts": "c7f3eb6464d4f047fcc9335e632ffb6bfc24e5ef7dc9a53017a6e453d4197e4b",
    "https://deno.land/x/oak@v17.1.4/http_server_native.ts": "34bab402cc9b6fdf53706699ac2c2ab88faf5c14be2ae18aa105bdc4fd6a8471",
    "https://deno.land/x/oak@v17.1.4/http_server_native_request.ts": "aa98a2f4bbf6f7651c62eb0332a95a1b0faff1d76f7a07fa8bd600766eb24488",
    "https://deno.land/x/oak@v17.1.4/http_server_node.ts": "bfbf7585fcda5a1464cd0f904ec97cbb4d67367757f3ed8cdc99a590a94b34e1",
    "https://deno.land/x/oak@v17.1.4/middleware.ts": "a701caf9d872b93d26759f77c7ad545cb29bc3d197c8375b79b2fbe7e9e60958",
    "https://deno.land/x/oak@v17.1.4/middleware/etag.ts": "f5cf8eb2a7c99ae7e11a4e31dc60beda398aec7a08be343e0de6b632f8064e4d",
    "https://deno.land/x/oak@v17.1.4/middleware/proxy.ts": "e611b7d45f58a1b2caa1cb6c435774822d7b56aa136b8dbb8691fb52d07c5182",
    "https://deno.land/x/oak@v17.1.4/middleware/serve.ts": "66f1e405ac006bfa863e8852092e03951b93dd4ba8381996a719d93d00aa62fe",
    "https://deno.land/x/oak@v17.1.4/mod.ts": "1f42341a6138310eceaf7b8e9b72be4d2a913817d1e823090dee4e7d27c68e98",
    "https://deno.land/x/oak@v17.1.4/node_shims.ts": "e411aef698dca26dfc577d8581ddab678f528bd52bf681337f3c3bcc73845a0a",
    "https://deno.land/x/oak@v17.1.4/request.ts": "5123fd70841a540809702059527a192d22f78042db1bfc4a01eebd77ec25b0fb",
    "https://deno.land/x/oak@v17.1.4/response.ts": "483f8ddd7618325e6ac28f88a3ea9926a09b3c90fa53b481a7a5202d23a0755f",
    "https://deno.land/x/oak@v17.1.4/router.ts": "e8eb2f88806dfdd303f3a663fefb7d9e614342bf40738692e9ef4b2243e1bccd",
    "https://deno.land/x/oak@v17.1.4/send.ts": "42faed583f218ed85d5da7704f36b385537947ec4de6125e20ad8acbfe8d8f68",
    "https://deno.land/x/oak@v17.1.4/testing.ts": "d6489e78d689da08b9896cd0b9b9add243466b407ce6fd63d38e29f8c0a19f5c",
    "https://deno.land/x/oak@v17.1.4/types.ts": "0e74c6c46e0fcfddd87e90fe0216c4ae50c73b113e06d3bdc4283afc7b2570d6",
    "https://deno.land/x/oak@v17.1.4/utils/clone_state.ts": "5a0784d802b86cc3dbf415dfd286025f03a261b3a8f9b3b6fd671be8e51ff027",
    "https://deno.land/x/oak@v17.1.4/utils/consts.ts": "9e14324837558d7af3d4bfc8ba5f13216a0b5d2f8dac14a3a782bc1bbfb756ef",
    "https://deno.land/x/oak@v17.1.4/utils/create_promise_with_resolvers.ts": "f7eeaf65ffa7b6cef03b8dc3fa3a3e35ae5553c6abf1a2260d7797e076acd63a",
    "https://deno.land/x/oak@v17.1.4/utils/decode.ts": "434802a09534a26cc8b8cd009ecc422b4695d22859021fe34f8093784b2483b7",
    "https://deno.land/x/oak@v17.1.4/utils/decode_component.ts": "d68e6da33bf6e733d218c0b7ce7112520640e836f4cfa2760c4aee8facf1c581",
    "https://deno.land/x/oak@v17.1.4/utils/encode_url.ts": "16b213d70f5e211fb3633f97c704f9613d2f8033669d59e0c9ca4fc26551fad6",
    "https://deno.land/x/oak@v17.1.4/utils/resolve_path.ts": "aa39d54a003b38fee55f340a0cba3f93a7af85b8ddd5fbfb049a98fc0109b36d",
    "https://deno.land/x/oak@v17.1.4/utils/streams.ts": "c85ae197f5046d58d5a3e42221254a6c8e63172f9f01b77631e480e1dcc90e05",
    "https://deno.land/x/oak@v17.1.4/utils/type_guards.ts": "92ab7dae4bc5ce10206fb21ca13bedd13a4638848be15f9752146aedeab1fea4",
    "https://deno.land/x/sqlite@v3.9.1/build/sqlite.js": "2afc7875c7b9c85d89730c4a311ab3a304e5d1bf761fbadd8c07bbdf130f5f9b",
    "https://deno.land/x/sqlite@v3.9.1/build/vfs.js": "7f7778a9fe499cd10738d6e43867340b50b67d3e39142b0065acd51a84cd2e03",
    "https://deno.land/x/sqlite@v3.9.1/mod.ts": "e09fc79d8065fe222578114b109b1fd60077bff1bb75448532077f784f4d6a83",
    "https://deno.land/x/sqlite@v3.9.1/src/constants.ts": "90f3be047ec0a89bcb5d6fc30db121685fc82cb00b1c476124ff47a4b0472aa9",
    "https://deno.land/x/sqlite@v3.9.1/src/db.ts": "03d0c860957496eadedd86e51a6e650670764630e64f56df0092e86c90752401",
    "https://deno.land/x/sqlite@v3.9.1/src/error.ts": "f7a15cb00d7c3797da1aefee3cf86d23e0ae92e73f0ba3165496c3816ab9503a",
    "https://deno.land/x/sqlite@v3.9.1/src/function.ts": "bc778cab7a6d771f690afa27264c524d22fcb96f1bb61959ade7922c15a4ab8d",
    "https://deno.land/x/sqlite@v3.9.1/src/query.ts": "d58abda928f6582d77bad685ecf551b1be8a15e8e38403e293ec38522e030cad",
    "https://deno.land/x/sqlite@v3.9.1/src/wasm.ts": "e79d0baa6e42423257fb3c7cc98091c54399254867e0f34a09b5bdef37bd9487"
  },
  "workspace": {
    "dependencies": [
      "jsr:@oak/oak@^17.1.4",
      "jsr:@std/assert@1"
    ],
    "packageJson": {
      "dependencies": [
        "npm:@types/node@^22.13.14",
        "npm:better-sqlite3@^11.9.1"
      ]
    }
  }
}
